
Microsoft Visual Studio Solution File, Format Version 12.00
# Visual Studio Version 17
VisualStudioVersion = 17.0.31912.275
MinimumVisualStudioVersion = 10.0.40219.1
Project("{9A19103F-16F7-4668-BE54-9A1E7A4F7556}") = "Distro.Portal.WebApplication", "Distro.Portal.WebApplication\Distro.Portal.WebApplication.csproj", "{2B976BD1-97D0-4410-9FF7-F9F0DB5775C0}"
EndProject
Project("{2150E333-8FDC-42A3-9474-1A3956D46DE8}") = "Microservices", "Microservices", "{0D9F6332-1608-4FD3-BFF0-7B492F0E7919}"
EndProject
Project("{2150E333-8FDC-42A3-9474-1A3956D46DE8}") = "Admin", "Admin", "{5ADCF002-8AE2-46A1-BD11-A83CF3E1D2DB}"
EndProject
Project("{2150E333-8FDC-42A3-9474-1A3956D46DE8}") = "Ordering", "Ordering", "{B0767E78-6A10-4234-9DE7-A878D151AC31}"
EndProject
Project("{9A19103F-16F7-4668-BE54-9A1E7A4F7556}") = "Distro.Admin.Contracts", "Distro.Admin.Microservice\Distro.Admin.Contracts\Distro.Admin.Contracts.csproj", "{4582B284-053F-47F5-8D97-DDCB5DEE0E4B}"
EndProject
Project("{9A19103F-16F7-4668-BE54-9A1E7A4F7556}") = "Distro.Admin.BusinessServices", "Distro.Admin.Microservice\Distro.Admin.BusinessServices\Distro.Admin.BusinessServices.csproj", "{A645120C-649A-40BE-A719-EF171C796866}"
EndProject
Project("{9A19103F-16F7-4668-BE54-9A1E7A4F7556}") = "Distro.Seedworks.Infrastructure", "Distro.Ordering.Microservice\Distro.Seedworks.Infrastructure\Distro.Seedworks.Infrastructure\Distro.Seedworks.Infrastructure.csproj", "{B5AF3DF4-328F-41A4-945E-614C7984A475}"
EndProject
Project("{9A19103F-16F7-4668-BE54-9A1E7A4F7556}") = "Distro.Ordering.Domain", "Distro.Ordering.Microservice\Distro.Ordering.Domain\Distro.Ordering.Domain.csproj", "{1881211B-D0F5-453B-91B6-935D8C142643}"
EndProject
Project("{9A19103F-16F7-4668-BE54-9A1E7A4F7556}") = "Distro.Ordering.DataAccess", "Distro.Ordering.Microservice\Distro.Ordering.DataAccess\Distro.Ordering.DataAccess.csproj", "{F3F0967F-36B9-4C30-BA5A-39CAA4FF2827}"
EndProject
Project("{9A19103F-16F7-4668-BE54-9A1E7A4F7556}") = "Distro.Ordering.Domain.Services", "Distro.Ordering.Microservice\Distro.Ordering.Domain.Services\Distro.Ordering.Domain.Services.csproj", "{BBEA1F07-BA7B-49D1-BF53-81CE7F12BBA3}"
EndProject
Project("{9A19103F-16F7-4668-BE54-9A1E7A4F7556}") = "Distro.Seedworks.Infrastructure", "Distro.Admin.Microservice\Distro.Seedworks.Infrastructure\Distro.Seedworks.Infrastructure\Distro.Seedworks.Infrastructure.csproj", "{BD806151-1FEF-4673-8141-BB0177B4F321}"
EndProject
Project("{9A19103F-16F7-4668-BE54-9A1E7A4F7556}") = "Distro.Admin.DataAccess", "Distro.Admin.Microservice\Distro.Admin.DataAccess\Distro.Admin.DataAccess.csproj", "{ECF8E0CF-592F-4422-8468-CBCEF7EC98AD}"
EndProject
Global
	GlobalSection(SolutionConfigurationPlatforms) = preSolution
		Debug|Any CPU = Debug|Any CPU
		Release|Any CPU = Release|Any CPU
	EndGlobalSection
	GlobalSection(ProjectConfigurationPlatforms) = postSolution
		{2B976BD1-97D0-4410-9FF7-F9F0DB5775C0}.Debug|Any CPU.ActiveCfg = Debug|Any CPU
		{2B976BD1-97D0-4410-9FF7-F9F0DB5775C0}.Debug|Any CPU.Build.0 = Debug|Any CPU
		{2B976BD1-97D0-4410-9FF7-F9F0DB5775C0}.Release|Any CPU.ActiveCfg = Release|Any CPU
		{2B976BD1-97D0-4410-9FF7-F9F0DB5775C0}.Release|Any CPU.Build.0 = Release|Any CPU
		{4582B284-053F-47F5-8D97-DDCB5DEE0E4B}.Debug|Any CPU.ActiveCfg = Debug|Any CPU
		{4582B284-053F-47F5-8D97-DDCB5DEE0E4B}.Debug|Any CPU.Build.0 = Debug|Any CPU
		{4582B284-053F-47F5-8D97-DDCB5DEE0E4B}.Release|Any CPU.ActiveCfg = Release|Any CPU
		{4582B284-053F-47F5-8D97-DDCB5DEE0E4B}.Release|Any CPU.Build.0 = Release|Any CPU
		{A645120C-649A-40BE-A719-EF171C796866}.Debug|Any CPU.ActiveCfg = Debug|Any CPU
		{A645120C-649A-40BE-A719-EF171C796866}.Debug|Any CPU.Build.0 = Debug|Any CPU
		{A645120C-649A-40BE-A719-EF171C796866}.Release|Any CPU.ActiveCfg = Release|Any CPU
		{A645120C-649A-40BE-A719-EF171C796866}.Release|Any CPU.Build.0 = Release|Any CPU
		{B5AF3DF4-328F-41A4-945E-614C7984A475}.Debug|Any CPU.ActiveCfg = Debug|Any CPU
		{B5AF3DF4-328F-41A4-945E-614C7984A475}.Debug|Any CPU.Build.0 = Debug|Any CPU
		{B5AF3DF4-328F-41A4-945E-614C7984A475}.Release|Any CPU.ActiveCfg = Release|Any CPU
		{B5AF3DF4-328F-41A4-945E-614C7984A475}.Release|Any CPU.Build.0 = Release|Any CPU
		{1881211B-D0F5-453B-91B6-935D8C142643}.Debug|Any CPU.ActiveCfg = Debug|Any CPU
		{1881211B-D0F5-453B-91B6-935D8C142643}.Debug|Any CPU.Build.0 = Debug|Any CPU
		{1881211B-D0F5-453B-91B6-935D8C142643}.Release|Any CPU.ActiveCfg = Release|Any CPU
		{1881211B-D0F5-453B-91B6-935D8C142643}.Release|Any CPU.Build.0 = Release|Any CPU
		{F3F0967F-36B9-4C30-BA5A-39CAA4FF2827}.Debug|Any CPU.ActiveCfg = Debug|Any CPU
		{F3F0967F-36B9-4C30-BA5A-39CAA4FF2827}.Debug|Any CPU.Build.0 = Debug|Any CPU
		{F3F0967F-36B9-4C30-BA5A-39CAA4FF2827}.Release|Any CPU.ActiveCfg = Release|Any CPU
		{F3F0967F-36B9-4C30-BA5A-39CAA4FF2827}.Release|Any CPU.Build.0 = Release|Any CPU
		{BBEA1F07-BA7B-49D1-BF53-81CE7F12BBA3}.Debug|Any CPU.ActiveCfg = Debug|Any CPU
		{BBEA1F07-BA7B-49D1-BF53-81CE7F12BBA3}.Debug|Any CPU.Build.0 = Debug|Any CPU
		{BBEA1F07-BA7B-49D1-BF53-81CE7F12BBA3}.Release|Any CPU.ActiveCfg = Release|Any CPU
		{BBEA1F07-BA7B-49D1-BF53-81CE7F12BBA3}.Release|Any CPU.Build.0 = Release|Any CPU
		{BD806151-1FEF-4673-8141-BB0177B4F321}.Debug|Any CPU.ActiveCfg = Debug|Any CPU
		{BD806151-1FEF-4673-8141-BB0177B4F321}.Debug|Any CPU.Build.0 = Debug|Any CPU
		{BD806151-1FEF-4673-8141-BB0177B4F321}.Release|Any CPU.ActiveCfg = Release|Any CPU
		{BD806151-1FEF-4673-8141-BB0177B4F321}.Release|Any CPU.Build.0 = Release|Any CPU
		{ECF8E0CF-592F-4422-8468-CBCEF7EC98AD}.Debug|Any CPU.ActiveCfg = Debug|Any CPU
		{ECF8E0CF-592F-4422-8468-CBCEF7EC98AD}.Debug|Any CPU.Build.0 = Debug|Any CPU
		{ECF8E0CF-592F-4422-8468-CBCEF7EC98AD}.Release|Any CPU.ActiveCfg = Release|Any CPU
		{ECF8E0CF-592F-4422-8468-CBCEF7EC98AD}.Release|Any CPU.Build.0 = Release|Any CPU
	EndGlobalSection
	GlobalSection(SolutionProperties) = preSolution
		HideSolutionNode = FALSE
	EndGlobalSection
	GlobalSection(NestedProjects) = preSolution
		{5ADCF002-8AE2-46A1-BD11-A83CF3E1D2DB} = {0D9F6332-1608-4FD3-BFF0-7B492F0E7919}
		{B0767E78-6A10-4234-9DE7-A878D151AC31} = {0D9F6332-1608-4FD3-BFF0-7B492F0E7919}
		{4582B284-053F-47F5-8D97-DDCB5DEE0E4B} = {5ADCF002-8AE2-46A1-BD11-A83CF3E1D2DB}
		{A645120C-649A-40BE-A719-EF171C796866} = {5ADCF002-8AE2-46A1-BD11-A83CF3E1D2DB}
		{B5AF3DF4-328F-41A4-945E-614C7984A475} = {B0767E78-6A10-4234-9DE7-A878D151AC31}
		{1881211B-D0F5-453B-91B6-935D8C142643} = {B0767E78-6A10-4234-9DE7-A878D151AC31}
		{F3F0967F-36B9-4C30-BA5A-39CAA4FF2827} = {B0767E78-6A10-4234-9DE7-A878D151AC31}
		{BBEA1F07-BA7B-49D1-BF53-81CE7F12BBA3} = {B0767E78-6A10-4234-9DE7-A878D151AC31}
		{BD806151-1FEF-4673-8141-BB0177B4F321} = {5ADCF002-8AE2-46A1-BD11-A83CF3E1D2DB}
		{ECF8E0CF-592F-4422-8468-CBCEF7EC98AD} = {5ADCF002-8AE2-46A1-BD11-A83CF3E1D2DB}
	EndGlobalSection
	GlobalSection(ExtensibilityGlobals) = postSolution
		SolutionGuid = {B2811FCF-E0A9-4567-B7BF-A9DCCFA2BF6C}
	EndGlobalSection
EndGlobal
